
Microsoft Visual Studio Solution File, Format Version 12.00
# Visual Studio 15
VisualStudioVersion = 15.0.28307.271
MinimumVisualStudioVersion = 10.0.40219.1
Project("{FAE04EC0-301F-11D3-BF4B-00C04F79EFBC}") = "BeeApp", "BeeApp.csproj", "{E1244791-DCF5-4CAB-BE3E-8E93F4E0F811}"
EndProject
Global
	GlobalSection(SolutionConfigurationPlatforms) = preSolution
		Debug|Any CPU = Debug|Any CPU
		Release|Any CPU = Release|Any CPU
	EndGlobalSection
	GlobalSection(ProjectConfigurationPlatforms) = postSolution
		{E1244791-DCF5-4CAB-BE3E-8E93F4E0F811}.Debug|Any CPU.ActiveCfg = Debug|Any CPU
		{E1244791-DCF5-4CAB-BE3E-8E93F4E0F811}.Debug|Any CPU.Build.0 = Debug|Any CPU
		{E1244791-DCF5-4CAB-BE3E-8E93F4E0F811}.Release|Any CPU.ActiveCfg = Release|Any CPU
		{E1244791-DCF5-4CAB-BE3E-8E93F4E0F811}.Release|Any CPU.Build.0 = Release|Any CPU
	EndGlobalSection
	GlobalSection(SolutionProperties) = preSolution
		HideSolutionNode = FALSE
	EndGlobalSection
	GlobalSection(ExtensibilityGlobals) = postSolution
		SolutionGuid = {BC3B6D6E-14F9-4C81-8702-8F61154A2D50}
	EndGlobalSection
EndGlobal
